// !$*UTF8*$!
{
	archiveVersion = 1;
	classes = {
	};
	objectVersion = 46;
	objects = {

/* Begin PBXBuildFile section */
		361339E81D33B03700313950 /* KKPickerView.swift in Sources */ = {isa = PBXBuildFile; fileRef = 361339E71D33B03700313950 /* KKPickerView.swift */; };
		361339EA1D33B0D700313950 /* NonPerformField.swift in Sources */ = {isa = PBXBuildFile; fileRef = 361339E91D33B0D700313950 /* NonPerformField.swift */; };
		3657597C1D34C69E00AD832E /* Default-568h@2x.png in Resources */ = {isa = PBXBuildFile; fileRef = 3657597B1D34C69E00AD832E /* Default-568h@2x.png */; };
		3677BF801CC5002E00447C7B /* AppDelegate.swift in Sources */ = {isa = PBXBuildFile; fileRef = 3677BF7F1CC5002E00447C7B /* AppDelegate.swift */; };
		3677BF821CC5002E00447C7B /* ViewController.swift in Sources */ = {isa = PBXBuildFile; fileRef = 3677BF811CC5002E00447C7B /* ViewController.swift */; };
		3677BF851CC5002E00447C7B /* Main.storyboard in Resources */ = {isa = PBXBuildFile; fileRef = 3677BF831CC5002E00447C7B /* Main.storyboard */; };
		3677BF871CC5002E00447C7B /* Assets.xcassets in Resources */ = {isa = PBXBuildFile; fileRef = 3677BF861CC5002E00447C7B /* Assets.xcassets */; };
		3677BF8A1CC5002E00447C7B /* LaunchScreen.storyboard in Resources */ = {isa = PBXBuildFile; fileRef = 3677BF881CC5002E00447C7B /* LaunchScreen.storyboard */; };
/* End PBXBuildFile section */

/* Begin PBXFileReference section */
		361339E71D33B03700313950 /* KKPickerView.swift */ = {isa = PBXFileReference; fileEncoding = 4; lastKnownFileType = sourcecode.swift; path = KKPickerView.swift; sourceTree = "<group>"; };
		361339E91D33B0D700313950 /* NonPerformField.swift */ = {isa = PBXFileReference; fileEncoding = 4; lastKnownFileType = sourcecode.swift; path = NonPerformField.swift; sourceTree = "<group>"; };
		3657597B1D34C69E00AD832E /* Default-568h@2x.png */ = {isa = PBXFileReference; lastKnownFileType = image.png; path = "Default-568h@2x.png"; sourceTree = "<group>"; };
		3677BF7C1CC5002E00447C7B /* KKPickerView.app */ = {isa = PBXFileReference; explicitFileType = wrapper.application; includeInIndex = 0; path = KKPickerView.app; sourceTree = BUILT_PRODUCTS_DIR; };
		3677BF7F1CC5002E00447C7B /* AppDelegate.swift */ = {isa = PBXFileReference; lastKnownFileType = sourcecode.swift; path = AppDelegate.swift; sourceTree = "<group>"; };
		3677BF811CC5002E00447C7B /* ViewController.swift */ = {isa = PBXFileReference; lastKnownFileType = sourcecode.swift; path = ViewController.swift; sourceTree = "<group>"; };
		3677BF841CC5002E00447C7B /* Base */ = {isa = PBXFileReference; lastKnownFileType = file.storyboard; name = Base; path = Base.lproj/Main.storyboard; sourceTree = "<group>"; };
		3677BF861CC5002E00447C7B /* Assets.xcassets */ = {isa = PBXFileReference; lastKnownFileType = folder.assetcatalog; path = Assets.xcassets; sourceTree = "<group>"; };
		3677BF891CC5002E00447C7B /* Base */ = {isa = PBXFileReference; lastKnownFileType = file.storyboard; name = Base; path = Base.lproj/LaunchScreen.storyboard; sourceTree = "<group>"; };
		3677BF8B1CC5002E00447C7B /* Info.plist */ = {isa = PBXFileReference; lastKnownFileType = text.plist.xml; path = Info.plist; sourceTree = "<group>"; };
/* End PBXFileReference section */

/* Begin PBXFrameworksBuildPhase section */
		3677BF791CC5002E00447C7B /* Frameworks */ = {
			isa = PBXFrameworksBuildPhase;
			buildActionMask = 2147483647;
			files = (
			);
			runOnlyForDeploymentPostprocessing = 0;
		};
/* End PBXFrameworksBuildPhase section */

/* Begin PBXGroup section */
		3677BF731CC5002E00447C7B = {
			isa = PBXGroup;
			children = (
				3657597B1D34C69E00AD832E /* Default-568h@2x.png */,
				3677BF7E1CC5002E00447C7B /* KKPickerView */,
				3677BF7D1CC5002E00447C7B /* Products */,
			);
			sourceTree = "<group>";
		};
		3677BF7D1CC5002E00447C7B /* Products */ = {
			isa = PBXGroup;
			children = (
				3677BF7C1CC5002E00447C7B /* KKPickerView.app */,
			);
			name = Products;
			sourceTree = "<group>";
		};
		3677BF7E1CC5002E00447C7B /* KKPickerView */ = {
			isa = PBXGroup;
			children = (
				3677BF7F1CC5002E00447C7B /* AppDelegate.swift */,
				361339E91D33B0D700313950 /* NonPerformField.swift */,
				361339E71D33B03700313950 /* KKPickerView.swift */,
				3677BF811CC5002E00447C7B /* ViewController.swift */,
				3677BF831CC5002E00447C7B /* Main.storyboard */,
				3677BF861CC5002E00447C7B /* Assets.xcassets */,
				3677BF881CC5002E00447C7B /* LaunchScreen.storyboard */,
				3677BF8B1CC5002E00447C7B /* Info.plist */,
			);
			path = KKPickerView;
			sourceTree = "<group>";
		};
/* End PBXGroup section */

/* Begin PBXNativeTarget section */
		3677BF7B1CC5002E00447C7B /* KKPickerView */ = {
			isa = PBXNativeTarget;
			buildConfigurationList = 3677BF8E1CC5002E00447C7B /* Build configuration list for PBXNativeTarget "KKPickerView" */;
			buildPhases = (
				3677BF781CC5002E00447C7B /* Sources */,
				3677BF791CC5002E00447C7B /* Frameworks */,
				3677BF7A1CC5002E00447C7B /* Resources */,
			);
			buildRules = (
			);
			dependencies = (
			);
			name = KKPickerView;
			productName = PickerView;
			productReference = 3677BF7C1CC5002E00447C7B /* KKPickerView.app */;
			productType = "com.apple.product-type.application";
		};
/* End PBXNativeTarget section */

/* Begin PBXProject section */
		3677BF741CC5002E00447C7B /* Project object */ = {
			isa = PBXProject;
			attributes = {
				LastSwiftUpdateCheck = 0730;
				LastUpgradeCheck = 0730;
				ORGANIZATIONNAME = "Kenan Karakecili";
				TargetAttributes = {
					3677BF7B1CC5002E00447C7B = {
						CreatedOnToolsVersion = 7.3;
					};
				};
			};
			buildConfigurationList = 3677BF771CC5002E00447C7B /* Build configuration list for PBXProject "KKPickerView" */;
			compatibilityVersion = "Xcode 3.2";
			developmentRegion = English;
			hasScannedForEncodings = 0;
			knownRegions = (
				en,
				Base,
			);
			mainGroup = 3677BF731CC5002E00447C7B;
			productRefGroup = 3677BF7D1CC5002E00447C7B /* Products */;
			projectDirPath = "";
			projectRoot = "";
			targets = (
				3677BF7B1CC5002E00447C7B /* KKPickerView */,
			);
		};
/* End PBXProject section */

/* Begin PBXResourcesBuildPhase section */
		3677BF7A1CC5002E00447C7B /* Resources */ = {
			isa = PBXResourcesBuildPhase;
			buildActionMask = 2147483647;
			files = (
				3677BF8A1CC5002E00447C7B /* LaunchScreen.storyboard in Resources */,
				3657597C1D34C69E00AD832E /* Default-568h@2x.png in Resources */,
				3677BF871CC5002E00447C7B /* Assets.xcassets in Resources */,
				3677BF851CC5002E00447C7B /* Main.storyboard in Resources */,
			);
			runOnlyForDeploymentPostprocessing = 0;
		};
/* End PBXResourcesBuildPhase section */

/* Begin PBXSourcesBuildPhase section */
		3677BF781CC5002E00447C7B /* Sources */ = {
			isa = PBXSourcesBuildPhase;
			buildActionMask = 2147483647;
			files = (
				3677BF821CC5002E00447C7B /* ViewController.swift in Sources */,
				361339E81D33B03700313950 /* KKPickerView.swift in Sources */,
				361339EA1D33B0D700313950 /* NonPerformField.swift in Sources */,
				3677BF801CC5002E00447C7B /* AppDelegate.swift in Sources */,
			);
			runOnlyForDeploymentPostprocessing = 0;
		};
/* End PBXSourcesBuildPhase section */

/* Begin PBXVariantGroup section */
		3677BF831CC5002E00447C7B /* Main.storyboard */ = {
			isa = PBXVariantGroup;
			children = (
				3677BF841CC5002E00447C7B /* Base */,
			);
			name = Main.storyboard;
			sourceTree = "<group>";
		};
		3677BF881CC5002E00447C7B /* LaunchScreen.storyboard */ = {
			isa = PBXVariantGroup;
			children = (
				3677BF891CC5002E00447C7B /* Base */,
			);
			name = LaunchScreen.storyboard;
			sourceTree = "<group>";
		};
/* End PBXVariantGroup section */

/* Begin XCBuildConfiguration section */
		3677BF8C1CC5002E00447C7B /* Debug */ = {
			isa = XCBuildConfiguration;
			buildSettings = {
				ALWAYS_SEARCH_USER_PATHS = NO;
				CLANG_ANALYZER_NONNULL = YES;
				CLANG_CXX_LANGUAGE_STANDARD = "gnu++0x";
				CLANG_CXX_LIBRARY = "libc++";
				CLANG_ENABLE_MODULES = YES;
				CLANG_ENABLE_OBJC_ARC = YES;
				CLANG_WARN_BOOL_CONVERSION = YES;
				CLANG_WARN_CONSTANT_CONVERSION = YES;
				CLANG_WARN_DIRECT_OBJC_ISA_USAGE = YES_ERROR;
				CLANG_WARN_EMPTY_BODY = YES;
				CLANG_WARN_ENUM_CONVERSION = YES;
				CLANG_WARN_INT_CONVERSION = YES;
				CLANG_WARN_OBJC_ROOT_CLASS = YES_ERROR;
				CLANG_WARN_UNREACHABLE_CODE = YES;
				CLANG_WARN__DUPLICATE_METHOD_MATCH = YES;
				"CODE_SIGN_IDENTITY[sdk=iphoneos*]" = "iPhone Developer";
				COPY_PHASE_STRIP = NO;
				DEBUG_INFORMATION_FORMAT = dwarf;
				ENABLE_STRICT_OBJC_MSGSEND = YES;
				ENABLE_TESTABILITY = YES;
				GCC_C_LANGUAGE_STANDARD = gnu99;
				GCC_DYNAMIC_NO_PIC = NO;
				GCC_NO_COMMON_BLOCKS = YES;
				GCC_OPTIMIZATION_LEVEL = 0;
				GCC_PREPROCESSOR_DEFINITIONS = (
					"DEBUG=1",
					"$(inherited)",
				);
				GCC_WARN_64_TO_32_BIT_CONVERSION = YES;
				GCC_WARN_ABOUT_RETURN_TYPE = YES_ERROR;
				GCC_WARN_UNDECLARED_SELECTOR = YES;
				GCC_WARN_UNINITIALIZED_AUTOS = YES_AGGRESSIVE;
				GCC_WARN_UNUSED_FUNCTION = YES;
				GCC_WARN_UNUSED_VARIABLE = YES;
				IPHONEOS_DEPLOYMENT_TARGET = 9.3;
				MTL_ENABLE_DEBUG_INFO = YES;
				ONLY_ACTIVE_ARCH = YES;
				SDKROOT = iphoneos;
				SWIFT_OPTIMIZATION_LEVEL = "-Onone";
			};
			name = Debug;
		};
		3677BF8D1CC5002E00447C7B /* Release */ = {
			isa = XCBuildConfiguration;
			buildSettings = {
				ALWAYS_SEARCH_USER_PATHS = NO;
				CLANG_ANALYZER_NONNULL = YES;
				CLANG_CXX_LANGUAGE_STANDARD = "gnu++0x";
				CLANG_CXX_LIBRARY = "libc++";
				CLANG_ENABLE_MODULES = YES;
				CLANG_ENABLE_OBJC_ARC = YES;
				CLANG_WARN_BOOL_CONVERSION = YES;
				CLANG_WARN_CONSTANT_CONVERSION = YES;
				CLANG_WARN_DIRECT_OBJC_ISA_USAGE = YES_ERROR;
				CLANG_WARN_EMPTY_BODY = YES;
				CLANG_WARN_ENUM_CONVERSION = YES;
				CLANG_WARN_INT_CONVERSION = YES;
				CLANG_WARN_OBJC_ROOT_CLASS = YES_ERROR;
				CLANG_WARN_UNREACHABLE_CODE = YES;
				CLANG_WARN__DUPLICATE_METHOD_MATCH = YES;
				"CODE_SIGN_IDENTITY[sdk=iphoneos*]" = "iPhone Developer";
				COPY_PHASE_STRIP = NO;
				DEBUG_INFORMATION_FORMAT = "dwarf-with-dsym";
				ENABLE_NS_ASSERTIONS = NO;
				ENABLE_STRICT_OBJC_MSGSEND = YES;
				GCC_C_LANGUAGE_STANDARD = gnu99;
				GCC_NO_COMMON_BLOCKS = YES;
				GCC_WARN_64_TO_32_BIT_CONVERSION = YES;
				GCC_WARN_ABOUT_RETURN_TYPE = YES_ERROR;
				GCC_WARN_UNDECLARED_SELECTOR = YES;
				GCC_WARN_UNINITIALIZED_AUTOS = YES_AGGRESSIVE;
				GCC_WARN_UNUSED_FUNCTION = YES;
				GCC_WARN_UNUSED_VARIABLE = YES;
				IPHONEOS_DEPLOYMENT_TARGET = 9.3;
				MTL_ENABLE_DEBUG_INFO = NO;
				SDKROOT = iphoneos;
				VALIDATE_PRODUCT = YES;
			};
			name = Release;
		};
		3677BF8F1CC5002E00447C7B /* Debug */ = {
			isa = XCBuildConfiguration;
			buildSettings = {
				ASSETCATALOG_COMPILER_APPICON_NAME = AppIcon;
				INFOPLIST_FILE = KKPickerView/Info.plist;
				LD_RUNPATH_SEARCH_PATHS = "$(inherited) @executable_path/Frameworks";
				PRODUCT_BUNDLE_IDENTIFIER = com.karakecili.KKPickerView;
				PRODUCT_NAME = KKPickerView;
			};
			name = Debug;
		};
		3677BF901CC5002E00447C7B /* Release */ = {
			isa = XCBuildConfiguration;
			buildSettings = {
				ASSETCATALOG_COMPILER_APPICON_NAME = AppIcon;
				INFOPLIST_FILE = KKPickerView/Info.plist;
				LD_RUNPATH_SEARCH_PATHS = "$(inherited) @executable_path/Frameworks";
				PRODUCT_BUNDLE_IDENTIFIER = com.karakecili.KKPickerView;
				PRODUCT_NAME = KKPickerView;
			};
			name = Release;
		};
/* End XCBuildConfiguration section */

/* Begin XCConfigurationList section */
		3677BF771CC5002E00447C7B /* Build configuration list for PBXProject "KKPickerView" */ = {
			isa = XCConfigurationList;
			buildConfigurations = (
				3677BF8C1CC5002E00447C7B /* Debug */,
				3677BF8D1CC5002E00447C7B /* Release */,
			);
			defaultConfigurationIsVisible = 0;
			defaultConfigurationName = Release;
		};
		3677BF8E1CC5002E00447C7B /* Build configuration list for PBXNativeTarget "KKPickerView" */ = {
			isa = XCConfigurationList;
			buildConfigurations = (
				3677BF8F1CC5002E00447C7B /* Debug */,
				3677BF901CC5002E00447C7B /* Release */,
			);
			defaultConfigurationIsVisible = 0;
			defaultConfigurationName = Release;
		};
/* End XCConfigurationList section */
	};
	rootObject = 3677BF741CC5002E00447C7B /* Project object */;
}
